
Microsoft Visual Studio Solution File, Format Version 11.00
# Visual Studio 2010
Project("{8BC9CEB8-8B4A-11D0-8D11-00A0C91BC942}") = "SDL_sandbox", "SDL_sandbox\SDL_sandbox.vcxproj", "{D38BB894-BC4B-43A3-AB40-E80D67969845}"
EndProject
Global
	GlobalSection(SolutionConfigurationPlatforms) = preSolution
		Debug|Win32 = Debug|Win32
		Release|Win32 = Release|Win32
	EndGlobalSection
	GlobalSection(ProjectConfigurationPlatforms) = postSolution
		{D38BB894-BC4B-43A3-AB40-E80D67969845}.Debug|Win32.ActiveCfg = Debug|Win32
		{D38BB894-BC4B-43A3-AB40-E80D67969845}.Debug|Win32.Build.0 = Debug|Win32
		{D38BB894-BC4B-43A3-AB40-E80D67969845}.Release|Win32.ActiveCfg = Release|Win32
		{D38BB894-BC4B-43A3-AB40-E80D67969845}.Release|Win32.Build.0 = Release|Win32
	EndGlobalSection
	GlobalSection(SolutionProperties) = preSolution
		HideSolutionNode = FALSE
	EndGlobalSection
EndGlobal
